# THIS IS AN AUTOGENERATED FILE. DO NOT EDIT THIS FILE DIRECTLY.
# yarn lockfile v1


"@vant/weapp@^1.0.0":
  version "1.0.0"
  resolved "https://registry.yarnpkg.com/@vant/weapp/-/weapp-1.0.0.tgz#7b046e7d6cffd2ca37815798810f1fb9e0937596"
  integrity sha512-VwnXnnI7aqi4RFPKYB17OR6+31ahuVadzJim2V8DTdh8xXRLgkAJWXEGjWnTP0BDZYbgCMBgXRnHYrsxoERH7g==
